
Microsoft Visual Studio Solution File, Format Version 12.00
# Visual Studio Version 16
VisualStudioVersion = 16.0.31005.135
MinimumVisualStudioVersion = 10.0.40219.1
Project("{888888A0-9F3D-457C-B088-3A5042F75D52}") = "Source", "Source\Source.pyproj", "{3152E0F2-264A-4E46-ACAC-663AC9058D41}"
EndProject
Global
	GlobalSection(SolutionConfigurationPlatforms) = preSolution
		Debug|Any CPU = Debug|Any CPU
		Release|Any CPU = Release|Any CPU
	EndGlobalSection
	GlobalSection(ProjectConfigurationPlatforms) = postSolution
		{3152E0F2-264A-4E46-ACAC-663AC9058D41}.Debug|Any CPU.ActiveCfg = Debug|Any CPU
		{3152E0F2-264A-4E46-ACAC-663AC9058D41}.Release|Any CPU.ActiveCfg = Release|Any CPU
	EndGlobalSection
	GlobalSection(SolutionProperties) = preSolution
		HideSolutionNode = FALSE
	EndGlobalSection
	GlobalSection(ExtensibilityGlobals) = postSolution
		SolutionGuid = {960D5EFD-9B0A-4981-90BD-805EFDDEDF4E}
	EndGlobalSection
EndGlobal
